
Microsoft Visual Studio Solution File, Format Version 12.00
# Visual Studio Version 17
VisualStudioVersion = 17.1.32328.378
MinimumVisualStudioVersion = 10.0.40219.1
Project("{9A19103F-16F7-4668-BE54-9A1E7A4F7556}") = "RenovationWorkView", "RenovationWorkView\RenovationWorkView.csproj", "{96536454-CEAC-4E2A-AF83-46A1FD9E6859}"
EndProject
Project("{9A19103F-16F7-4668-BE54-9A1E7A4F7556}") = "RenovationWorkContracts", "RenovationWorkContracts\RenovationWorkContracts.csproj", "{3E5FA5A2-8DA8-4941-90F3-D54E81A3169B}"
EndProject
Project("{9A19103F-16F7-4668-BE54-9A1E7A4F7556}") = "RenovationWorkBusinessLogic", "RenovationWorkBusinessLogic\RenovationWorkBusinessLogic.csproj", "{F211D794-4C39-48F8-96A9-72D9E44ADC43}"
EndProject
Project("{9A19103F-16F7-4668-BE54-9A1E7A4F7556}") = "RenovationWorkListImplement", "RenovationWorkListImplement\RenovationWorkListImplement.csproj", "{4E370E5B-0757-466F-B7D1-79E5C51638E8}"
EndProject
Project("{9A19103F-16F7-4668-BE54-9A1E7A4F7556}") = "RenovationWorkFileImplement", "RenovationWorkFileImplement\RenovationWorkFileImplement.csproj", "{1CAE5937-E1F3-4D93-9D77-6AA9A5A4CAA3}"
EndProject
Project("{9A19103F-16F7-4668-BE54-9A1E7A4F7556}") = "RenovationWorkDatabaseImplement", "RenovationWorkDatabaseImplement\RenovationWorkDatabaseImplement.csproj", "{181567FA-1B23-40A1-A5B6-D7CB38BCBE61}"
EndProject
Project("{9A19103F-16F7-4668-BE54-9A1E7A4F7556}") = "RenovationWorkRestApi", "RenovationWorkRestApi\RenovationWorkRestApi.csproj", "{50164C65-2E32-4B4B-8987-42A46A11C8DD}"
EndProject
Project("{9A19103F-16F7-4668-BE54-9A1E7A4F7556}") = "RenovationWorkClientApp", "RenovationWorkClientApp\RenovationWorkClientApp.csproj", "{9F499984-4634-430F-B736-24834925C160}"
EndProject
Project("{FAE04EC0-301F-11D3-BF4B-00C04F79EFBC}") = "RenovationWorkWarehouseApp", "RenovationWorkWarehouseApp\RenovationWorkWarehouseApp.csproj", "{4DA0853B-9D18-430D-B46C-D28C65F1E0D2}"
EndProject
Global
	GlobalSection(SolutionConfigurationPlatforms) = preSolution
		Debug|Any CPU = Debug|Any CPU
		Release|Any CPU = Release|Any CPU
	EndGlobalSection
	GlobalSection(ProjectConfigurationPlatforms) = postSolution
		{96536454-CEAC-4E2A-AF83-46A1FD9E6859}.Debug|Any CPU.ActiveCfg = Debug|Any CPU
		{96536454-CEAC-4E2A-AF83-46A1FD9E6859}.Debug|Any CPU.Build.0 = Debug|Any CPU
		{96536454-CEAC-4E2A-AF83-46A1FD9E6859}.Release|Any CPU.ActiveCfg = Release|Any CPU
		{96536454-CEAC-4E2A-AF83-46A1FD9E6859}.Release|Any CPU.Build.0 = Release|Any CPU
		{3E5FA5A2-8DA8-4941-90F3-D54E81A3169B}.Debug|Any CPU.ActiveCfg = Debug|Any CPU
		{3E5FA5A2-8DA8-4941-90F3-D54E81A3169B}.Debug|Any CPU.Build.0 = Debug|Any CPU
		{3E5FA5A2-8DA8-4941-90F3-D54E81A3169B}.Release|Any CPU.ActiveCfg = Release|Any CPU
		{3E5FA5A2-8DA8-4941-90F3-D54E81A3169B}.Release|Any CPU.Build.0 = Release|Any CPU
		{F211D794-4C39-48F8-96A9-72D9E44ADC43}.Debug|Any CPU.ActiveCfg = Debug|Any CPU
		{F211D794-4C39-48F8-96A9-72D9E44ADC43}.Debug|Any CPU.Build.0 = Debug|Any CPU
		{F211D794-4C39-48F8-96A9-72D9E44ADC43}.Release|Any CPU.ActiveCfg = Release|Any CPU
		{F211D794-4C39-48F8-96A9-72D9E44ADC43}.Release|Any CPU.Build.0 = Release|Any CPU
		{4E370E5B-0757-466F-B7D1-79E5C51638E8}.Debug|Any CPU.ActiveCfg = Debug|Any CPU
		{4E370E5B-0757-466F-B7D1-79E5C51638E8}.Debug|Any CPU.Build.0 = Debug|Any CPU
		{4E370E5B-0757-466F-B7D1-79E5C51638E8}.Release|Any CPU.ActiveCfg = Release|Any CPU
		{4E370E5B-0757-466F-B7D1-79E5C51638E8}.Release|Any CPU.Build.0 = Release|Any CPU
		{1CAE5937-E1F3-4D93-9D77-6AA9A5A4CAA3}.Debug|Any CPU.ActiveCfg = Debug|Any CPU
		{1CAE5937-E1F3-4D93-9D77-6AA9A5A4CAA3}.Debug|Any CPU.Build.0 = Debug|Any CPU
		{1CAE5937-E1F3-4D93-9D77-6AA9A5A4CAA3}.Release|Any CPU.ActiveCfg = Release|Any CPU
		{1CAE5937-E1F3-4D93-9D77-6AA9A5A4CAA3}.Release|Any CPU.Build.0 = Release|Any CPU
		{181567FA-1B23-40A1-A5B6-D7CB38BCBE61}.Debug|Any CPU.ActiveCfg = Debug|Any CPU
		{181567FA-1B23-40A1-A5B6-D7CB38BCBE61}.Debug|Any CPU.Build.0 = Debug|Any CPU
		{181567FA-1B23-40A1-A5B6-D7CB38BCBE61}.Release|Any CPU.ActiveCfg = Release|Any CPU
		{181567FA-1B23-40A1-A5B6-D7CB38BCBE61}.Release|Any CPU.Build.0 = Release|Any CPU
		{50164C65-2E32-4B4B-8987-42A46A11C8DD}.Debug|Any CPU.ActiveCfg = Debug|Any CPU
		{50164C65-2E32-4B4B-8987-42A46A11C8DD}.Debug|Any CPU.Build.0 = Debug|Any CPU
		{50164C65-2E32-4B4B-8987-42A46A11C8DD}.Release|Any CPU.ActiveCfg = Release|Any CPU
		{50164C65-2E32-4B4B-8987-42A46A11C8DD}.Release|Any CPU.Build.0 = Release|Any CPU
		{9F499984-4634-430F-B736-24834925C160}.Debug|Any CPU.ActiveCfg = Debug|Any CPU
		{9F499984-4634-430F-B736-24834925C160}.Debug|Any CPU.Build.0 = Debug|Any CPU
		{9F499984-4634-430F-B736-24834925C160}.Release|Any CPU.ActiveCfg = Release|Any CPU
		{9F499984-4634-430F-B736-24834925C160}.Release|Any CPU.Build.0 = Release|Any CPU
		{4DA0853B-9D18-430D-B46C-D28C65F1E0D2}.Debug|Any CPU.ActiveCfg = Debug|Any CPU
		{4DA0853B-9D18-430D-B46C-D28C65F1E0D2}.Debug|Any CPU.Build.0 = Debug|Any CPU
		{4DA0853B-9D18-430D-B46C-D28C65F1E0D2}.Release|Any CPU.ActiveCfg = Release|Any CPU
		{4DA0853B-9D18-430D-B46C-D28C65F1E0D2}.Release|Any CPU.Build.0 = Release|Any CPU
	EndGlobalSection
	GlobalSection(SolutionProperties) = preSolution
		HideSolutionNode = FALSE
	EndGlobalSection
	GlobalSection(ExtensibilityGlobals) = postSolution
		SolutionGuid = {318A1BC2-36C1-4B7E-9591-7FB7F7197448}
	EndGlobalSection
EndGlobal
